// !$*UTF8*$!
{
	archiveVersion = 1;
	classes = {
	};
	objectVersion = 46;
	objects = {

/* Begin PBXBuildFile section */
		3576ECD4150482CD002DD1F4 /* UIKit.framework in Frameworks */ = {isa = PBXBuildFile; fileRef = 3576ECD3150482CD002DD1F4 /* UIKit.framework */; };
		3576ECD6150482CD002DD1F4 /* Foundation.framework in Frameworks */ = {isa = PBXBuildFile; fileRef = 3576ECD5150482CD002DD1F4 /* Foundation.framework */; };
		3576ECD8150482CD002DD1F4 /* CoreGraphics.framework in Frameworks */ = {isa = PBXBuildFile; fileRef = 3576ECD7150482CD002DD1F4 /* CoreGraphics.framework */; };
		3576ECDE150482CD002DD1F4 /* InfoPlist.strings in Resources */ = {isa = PBXBuildFile; fileRef = 3576ECDC150482CD002DD1F4 /* InfoPlist.strings */; };
		3576ECE0150482CD002DD1F4 /* main.m in Sources */ = {isa = PBXBuildFile; fileRef = 3576ECDF150482CD002DD1F4 /* main.m */; };
		3576ECE4150482CD002DD1F4 /* ILAppDelegate.m in Sources */ = {isa = PBXBuildFile; fileRef = 3576ECE3150482CD002DD1F4 /* ILAppDelegate.m */; };
/* End PBXBuildFile section */

/* Begin PBXFileReference section */
		3576ECCF150482CD002DD1F4 /* PusherChat.app */ = {isa = PBXFileReference; explicitFileType = wrapper.application; includeInIndex = 0; path = PusherChat.app; sourceTree = BUILT_PRODUCTS_DIR; };
		3576ECD3150482CD002DD1F4 /* UIKit.framework */ = {isa = PBXFileReference; lastKnownFileType = wrapper.framework; name = UIKit.framework; path = System/Library/Frameworks/UIKit.framework; sourceTree = SDKROOT; };
		3576ECD5150482CD002DD1F4 /* Foundation.framework */ = {isa = PBXFileReference; lastKnownFileType = wrapper.framework; name = Foundation.framework; path = System/Library/Frameworks/Foundation.framework; sourceTree = SDKROOT; };
		3576ECD7150482CD002DD1F4 /* CoreGraphics.framework */ = {isa = PBXFileReference; lastKnownFileType = wrapper.framework; name = CoreGraphics.framework; path = System/Library/Frameworks/CoreGraphics.framework; sourceTree = SDKROOT; };
		3576ECDB150482CD002DD1F4 /* PusherChat-Info.plist */ = {isa = PBXFileReference; path = "PusherChat-Info.plist"; sourceTree = "<group>"; };
		3576ECDD150482CD002DD1F4 /* en */ = {isa = PBXFileReference; lastKnownFileType = text.plist.strings; name = en; path = en.lproj/InfoPlist.strings; sourceTree = "<group>"; };
		3576ECDF150482CD002DD1F4 /* main.m */ = {isa = PBXFileReference; lastKnownFileType = sourcecode.c.objc; path = main.m; sourceTree = "<group>"; };
		3576ECE1150482CD002DD1F4 /* PusherChat-Prefix.pch */ = {isa = PBXFileReference; path = "PusherChat-Prefix.pch"; sourceTree = "<group>"; };
		3576ECE2150482CD002DD1F4 /* ILAppDelegate.h */ = {isa = PBXFileReference; path = ILAppDelegate.h; sourceTree = "<group>"; };
		3576ECE3150482CD002DD1F4 /* ILAppDelegate.m */ = {isa = PBXFileReference; lastKnownFileType = sourcecode.c.objc; path = ILAppDelegate.m; sourceTree = "<group>"; };
/* End PBXFileReference section */

/* Begin PBXFrameworksBuildPhase section */
		3576ECCC150482CD002DD1F4 /* Frameworks */ = {
			isa = PBXFrameworksBuildPhase;
			buildActionMask = 2147483647;
			files = (
				3576ECD4150482CD002DD1F4 /* UIKit.framework in Frameworks */,
				3576ECD6150482CD002DD1F4 /* Foundation.framework in Frameworks */,
				3576ECD8150482CD002DD1F4 /* CoreGraphics.framework in Frameworks */,
			);
			runOnlyForDeploymentPostprocessing = 0;
		};
/* End PBXFrameworksBuildPhase section */

/* Begin PBXGroup section */
		3576ECC4150482CD002DD1F4 = {
			isa = PBXGroup;
			children = (
				3576ECD9150482CD002DD1F4 /* PusherChat */,
				3576ECD2150482CD002DD1F4 /* Frameworks */,
				3576ECD0150482CD002DD1F4 /* Products */,
			);
			sourceTree = "<group>";
		};
		3576ECD0150482CD002DD1F4 /* Products */ = {
			isa = PBXGroup;
			children = (
				3576ECCF150482CD002DD1F4 /* PusherChat.app */,
			);
			name = Products;
			sourceTree = "<group>";
		};
		3576ECD2150482CD002DD1F4 /* Frameworks */ = {
			isa = PBXGroup;
			children = (
				3576ECD3150482CD002DD1F4 /* UIKit.framework */,
				3576ECD5150482CD002DD1F4 /* Foundation.framework */,
				3576ECD7150482CD002DD1F4 /* CoreGraphics.framework */,
			);
			name = Frameworks;
			sourceTree = "<group>";
		};
		3576ECD9150482CD002DD1F4 /* PusherChat */ = {
			isa = PBXGroup;
			children = (
				3576ECE2150482CD002DD1F4 /* ILAppDelegate.h */,
				3576ECE3150482CD002DD1F4 /* ILAppDelegate.m */,
				3576ECDA150482CD002DD1F4 /* Supporting Files */,
			);
			path = PusherChat;
			sourceTree = "<group>";
		};
		3576ECDA150482CD002DD1F4 /* Supporting Files */ = {
			isa = PBXGroup;
			children = (
				3576ECDB150482CD002DD1F4 /* PusherChat-Info.plist */,
				3576ECDC150482CD002DD1F4 /* InfoPlist.strings */,
				3576ECDF150482CD002DD1F4 /* main.m */,
				3576ECE1150482CD002DD1F4 /* PusherChat-Prefix.pch */,
			);
			name = "Supporting Files";
			sourceTree = "<group>";
		};
/* End PBXGroup section */

/* Begin PBXNativeTarget section */
		3576ECCE150482CD002DD1F4 /* PusherChat */ = {
			isa = PBXNativeTarget;
			buildConfigurationList = 3576ECE7150482CD002DD1F4 /* Build configuration list for PBXNativeTarget "PusherChat" */;
			buildPhases = (
				3576ECCB150482CD002DD1F4 /* Sources */,
				3576ECCC150482CD002DD1F4 /* Frameworks */,
				3576ECCD150482CD002DD1F4 /* Resources */,
			);
			buildRules = (
			);
			dependencies = (
			);
			name = PusherChat;
			productName = PusherChat;
			productReference = 3576ECCF150482CD002DD1F4 /* PusherChat.app */;
			productType = "com.apple.product-type.application";
		};
/* End PBXNativeTarget section */

/* Begin PBXProject section */
		3576ECC6150482CD002DD1F4 /* Project object */ = {
			isa = PBXProject;
			attributes = {
				LastUpgradeCheck = 0420;
				ORGANIZATIONNAME = particulier;
			};
			buildConfigurationList = 3576ECC9150482CD002DD1F4 /* Build configuration list for PBXProject "PusherChat" */;
			compatibilityVersion = "Xcode 3.2";
			developmentRegion = English;
			hasScannedForEncodings = 0;
			knownRegions = (
				en,
			);
			mainGroup = 3576ECC4150482CD002DD1F4;
			productRefGroup = 3576ECD0150482CD002DD1F4 /* Products */;
			projectDirPath = "";
			projectRoot = "";
			targets = (
				3576ECCE150482CD002DD1F4 /* PusherChat */,
			);
		};
/* End PBXProject section */

/* Begin PBXResourcesBuildPhase section */
		3576ECCD150482CD002DD1F4 /* Resources */ = {
			isa = PBXResourcesBuildPhase;
			buildActionMask = 2147483647;
			files = (
				3576ECDE150482CD002DD1F4 /* InfoPlist.strings in Resources */,
			);
			runOnlyForDeploymentPostprocessing = 0;
		};
/* End PBXResourcesBuildPhase section */

/* Begin PBXSourcesBuildPhase section */
		3576ECCB150482CD002DD1F4 /* Sources */ = {
			isa = PBXSourcesBuildPhase;
			buildActionMask = 2147483647;
			files = (
				3576ECE0150482CD002DD1F4 /* main.m in Sources */,
				3576ECE4150482CD002DD1F4 /* ILAppDelegate.m in Sources */,
			);
			runOnlyForDeploymentPostprocessing = 0;
		};
/* End PBXSourcesBuildPhase section */

/* Begin PBXVariantGroup section */
		3576ECDC150482CD002DD1F4 /* InfoPlist.strings */ = {
			isa = PBXVariantGroup;
			children = (
				3576ECDD150482CD002DD1F4 /* en */,
			);
			name = InfoPlist.strings;
			sourceTree = "<group>";
		};
/* End PBXVariantGroup section */

/* Begin XCBuildConfiguration section */
		3576ECE5150482CD002DD1F4 /* Debug */ = {
			isa = XCBuildConfiguration;
			buildSettings = {
				ALWAYS_SEARCH_USER_PATHS = NO;
				ARCHS = "$(ARCHS_STANDARD_32_BIT)";
				CLANG_ENABLE_OBJC_ARC = YES;
				"CODE_SIGN_IDENTITY[sdk=iphoneos*]" = "iPhone Developer";
				COPY_PHASE_STRIP = NO;
				GCC_C_LANGUAGE_STANDARD = gnu99;
				GCC_DYNAMIC_NO_PIC = NO;
				GCC_OPTIMIZATION_LEVEL = 0;
				GCC_PREPROCESSOR_DEFINITIONS = (
					"DEBUG=1",
					"$(inherited)",
				);
				GCC_SYMBOLS_PRIVATE_EXTERN = NO;
				GCC_VERSION = com.apple.compilers.llvm.clang.1_0;
				GCC_WARN_ABOUT_MISSING_PROTOTYPES = YES;
				GCC_WARN_ABOUT_RETURN_TYPE = YES;
				GCC_WARN_UNUSED_VARIABLE = YES;
				IPHONEOS_DEPLOYMENT_TARGET = 5.0;
				SDKROOT = iphoneos;
			};
			name = Debug;
		};
		3576ECE6150482CD002DD1F4 /* Release */ = {
			isa = XCBuildConfiguration;
			buildSettings = {
				ALWAYS_SEARCH_USER_PATHS = NO;
				ARCHS = "$(ARCHS_STANDARD_32_BIT)";
				CLANG_ENABLE_OBJC_ARC = YES;
				"CODE_SIGN_IDENTITY[sdk=iphoneos*]" = "iPhone Developer";
				COPY_PHASE_STRIP = YES;
				GCC_C_LANGUAGE_STANDARD = gnu99;
				GCC_VERSION = com.apple.compilers.llvm.clang.1_0;
				GCC_WARN_ABOUT_MISSING_PROTOTYPES = YES;
				GCC_WARN_ABOUT_RETURN_TYPE = YES;
				GCC_WARN_UNUSED_VARIABLE = YES;
				IPHONEOS_DEPLOYMENT_TARGET = 5.0;
				OTHER_CFLAGS = "-DNS_BLOCK_ASSERTIONS=1";
				SDKROOT = iphoneos;
				VALIDATE_PRODUCT = YES;
			};
			name = Release;
		};
		3576ECE8150482CD002DD1F4 /* Debug */ = {
			isa = XCBuildConfiguration;
			buildSettings = {
				GCC_PRECOMPILE_PREFIX_HEADER = YES;
				GCC_PREFIX_HEADER = "PusherChat/PusherChat-Prefix.pch";
				INFOPLIST_FILE = "PusherChat/PusherChat-Info.plist";
				PRODUCT_NAME = "$(TARGET_NAME)";
				WRAPPER_EXTENSION = app;
			};
			name = Debug;
		};
		3576ECE9150482CD002DD1F4 /* Release */ = {
			isa = XCBuildConfiguration;
			buildSettings = {
				GCC_PRECOMPILE_PREFIX_HEADER = YES;
				GCC_PREFIX_HEADER = "PusherChat/PusherChat-Prefix.pch";
				INFOPLIST_FILE = "PusherChat/PusherChat-Info.plist";
				PRODUCT_NAME = "$(TARGET_NAME)";
				WRAPPER_EXTENSION = app;
			};
			name = Release;
		};
/* End XCBuildConfiguration section */

/* Begin XCConfigurationList section */
		3576ECC9150482CD002DD1F4 /* Build configuration list for PBXProject "PusherChat" */ = {
			isa = XCConfigurationList;
			buildConfigurations = (
				3576ECE5150482CD002DD1F4 /* Debug */,
				3576ECE6150482CD002DD1F4 /* Release */,
			);
			defaultConfigurationIsVisible = 0;
			defaultConfigurationName = Release;
		};
		3576ECE7150482CD002DD1F4 /* Build configuration list for PBXNativeTarget "PusherChat" */ = {
			isa = XCConfigurationList;
			buildConfigurations = (
				3576ECE8150482CD002DD1F4 /* Debug */,
				3576ECE9150482CD002DD1F4 /* Release */,
			);
			defaultConfigurationIsVisible = 0;
		};
/* End XCConfigurationList section */
	};
	rootObject = 3576ECC6150482CD002DD1F4 /* Project object */;
}
